# This file is automatically @generated by Cargo.
# It is not intended for manual editing.
version = 3

[[package]]
name = "expressions"
version = "0.1.0"

[[package]]
name = "functions"
version = "0.1.0"

[[package]]
name = "generics"
version = "0.1.0"

[[package]]
name = "hello-world"
version = "0.1.0"

[[package]]
name = "macros"
version = "0.1.0"

[[package]]
name = "options"
version = "0.1.0"

[[package]]
name = "primitives"
version = "0.1.0"

[[package]]
name = "results"
version = "0.1.0"

[[package]]
name = "traits"
version = "0.1.0"

[[package]]
name = "variable-bindings"
version = "0.1.0"
